
Microsoft Visual Studio Solution File, Format Version 12.00
# Visual Studio 15
VisualStudioVersion = 15.0.26730.15
MinimumVisualStudioVersion = 10.0.40219.1
Project("{FAE04EC0-301F-11D3-BF4B-00C04F79EFBC}") = "TaskBook", "TaskBook\TaskBook.csproj", "{16FCA0B2-D971-4A39-985F-065EAC87A725}"
EndProject
Global
	GlobalSection(SolutionConfigurationPlatforms) = preSolution
		Debug|Any CPU = Debug|Any CPU
		Release|Any CPU = Release|Any CPU
	EndGlobalSection
	GlobalSection(ProjectConfigurationPlatforms) = postSolution
		{16FCA0B2-D971-4A39-985F-065EAC87A725}.Debug|Any CPU.ActiveCfg = Debug|Any CPU
		{16FCA0B2-D971-4A39-985F-065EAC87A725}.Debug|Any CPU.Build.0 = Debug|Any CPU
		{16FCA0B2-D971-4A39-985F-065EAC87A725}.Release|Any CPU.ActiveCfg = Release|Any CPU
		{16FCA0B2-D971-4A39-985F-065EAC87A725}.Release|Any CPU.Build.0 = Release|Any CPU
	EndGlobalSection
	GlobalSection(SolutionProperties) = preSolution
		HideSolutionNode = FALSE
	EndGlobalSection
	GlobalSection(ExtensibilityGlobals) = postSolution
		SolutionGuid = {4A7956E8-D352-4E81-9A32-B9FDC8673A35}
	EndGlobalSection
EndGlobal
