
Microsoft Visual Studio Solution File, Format Version 12.00
# Visual Studio 15
VisualStudioVersion = 15.0.26730.15
MinimumVisualStudioVersion = 10.0.40219.1
Project("{FAE04EC0-301F-11D3-BF4B-00C04F79EFBC}") = "TaskTicketPrice", "TaskTicketPrice\TaskTicketPrice.csproj", "{51D29EEB-E842-4297-8927-72F271C98823}"
EndProject
Global
	GlobalSection(SolutionConfigurationPlatforms) = preSolution
		Debug|Any CPU = Debug|Any CPU
		Release|Any CPU = Release|Any CPU
	EndGlobalSection
	GlobalSection(ProjectConfigurationPlatforms) = postSolution
		{51D29EEB-E842-4297-8927-72F271C98823}.Debug|Any CPU.ActiveCfg = Debug|Any CPU
		{51D29EEB-E842-4297-8927-72F271C98823}.Debug|Any CPU.Build.0 = Debug|Any CPU
		{51D29EEB-E842-4297-8927-72F271C98823}.Release|Any CPU.ActiveCfg = Release|Any CPU
		{51D29EEB-E842-4297-8927-72F271C98823}.Release|Any CPU.Build.0 = Release|Any CPU
	EndGlobalSection
	GlobalSection(SolutionProperties) = preSolution
		HideSolutionNode = FALSE
	EndGlobalSection
	GlobalSection(ExtensibilityGlobals) = postSolution
		SolutionGuid = {5FD34452-F122-4ACC-807C-A077EDAAC3B9}
	EndGlobalSection
EndGlobal
